
Microsoft Visual Studio Solution File, Format Version 12.00
# 
Project("{FAE04EC0-301F-11D3-BF4B-00C04F79EFBC}") = "SecretosParaContar.API", "SecretosParaContar.API\SecretosParaContar.API.csproj", "{9B36C7E2-A509-4481-B164-E163855DBD23}"
EndProject
Project("{FAE04EC0-301F-11D3-BF4B-00C04F79EFBC}") = "SecretosParaContar.Business", "SecretosParaContar.Business\SecretosParaContar.Business.csproj", "{E9344390-FA67-472C-B86D-04DD027327DB}"
EndProject
Project("{FAE04EC0-301F-11D3-BF4B-00C04F79EFBC}") = "SecretosParaContar.Data", "SecretosParaContar.Data\SecretosParaContar.Data.csproj", "{377FF20E-B8B3-4192-82F7-B6DFE15C5C6F}"
EndProject
Project("{FAE04EC0-301F-11D3-BF4B-00C04F79EFBC}") = "SecretosParaContar.testing", "SecretosParaContar.testing\SecretosParaContar.testing.csproj", "{CACB7919-DC94-49AD-A5A8-DD25A2AB1224}"
EndProject
Global
	GlobalSection(SolutionConfigurationPlatforms) = preSolution
		Debug|Any CPU = Debug|Any CPU
		Release|Any CPU = Release|Any CPU
	EndGlobalSection
	GlobalSection(ProjectConfigurationPlatforms) = postSolution
		{9B36C7E2-A509-4481-B164-E163855DBD23}.Debug|Any CPU.ActiveCfg = Debug|Any CPU
		{9B36C7E2-A509-4481-B164-E163855DBD23}.Debug|Any CPU.Build.0 = Debug|Any CPU
		{9B36C7E2-A509-4481-B164-E163855DBD23}.Release|Any CPU.ActiveCfg = Release|Any CPU
		{9B36C7E2-A509-4481-B164-E163855DBD23}.Release|Any CPU.Build.0 = Release|Any CPU
		{E9344390-FA67-472C-B86D-04DD027327DB}.Debug|Any CPU.ActiveCfg = Debug|Any CPU
		{E9344390-FA67-472C-B86D-04DD027327DB}.Debug|Any CPU.Build.0 = Debug|Any CPU
		{E9344390-FA67-472C-B86D-04DD027327DB}.Release|Any CPU.ActiveCfg = Release|Any CPU
		{E9344390-FA67-472C-B86D-04DD027327DB}.Release|Any CPU.Build.0 = Release|Any CPU
		{377FF20E-B8B3-4192-82F7-B6DFE15C5C6F}.Debug|Any CPU.ActiveCfg = Debug|Any CPU
		{377FF20E-B8B3-4192-82F7-B6DFE15C5C6F}.Debug|Any CPU.Build.0 = Debug|Any CPU
		{377FF20E-B8B3-4192-82F7-B6DFE15C5C6F}.Release|Any CPU.ActiveCfg = Release|Any CPU
		{377FF20E-B8B3-4192-82F7-B6DFE15C5C6F}.Release|Any CPU.Build.0 = Release|Any CPU
		{CACB7919-DC94-49AD-A5A8-DD25A2AB1224}.Debug|Any CPU.ActiveCfg = Debug|Any CPU
		{CACB7919-DC94-49AD-A5A8-DD25A2AB1224}.Debug|Any CPU.Build.0 = Debug|Any CPU
		{CACB7919-DC94-49AD-A5A8-DD25A2AB1224}.Release|Any CPU.ActiveCfg = Release|Any CPU
		{CACB7919-DC94-49AD-A5A8-DD25A2AB1224}.Release|Any CPU.Build.0 = Release|Any CPU
	EndGlobalSection
	GlobalSection(SolutionProperties) = preSolution
		HideSolutionNode = FALSE
	EndGlobalSection
EndGlobal
